{
  "name": "ngx-whastapp-button",
  "version": "0.0.1",
  "lockfileVersion": 1,
  "requires": true,
  "dependencies": {
    "@fortawesome/angular-fontawesome": {
      "version": "0.2.0",
      "resolved": "https://registry.npmjs.org/@fortawesome/angular-fontawesome/-/angular-fontawesome-0.2.0.tgz",
      "integrity": "sha512-iBaH3ulJh+WjaNHqDxoKR6D4udgY+C7FChVSFOv0u7rjdT8wd0ap5YS1QHA82K0dfkUAvlEA4l5wtDtUpG679A==",
      "requires": {
        "tslib": "^1.9.0"
      }
    },
    "@fortawesome/fontawesome-common-types": {
      "version": "0.2.22",
      "resolved": "https://registry.npmjs.org/@fortawesome/fontawesome-common-types/-/fontawesome-common-types-0.2.22.tgz",
      "integrity": "sha512-QmEuZsipX5/cR9JOg0fsTN4Yr/9lieYWM8AQpmRa0eIfeOcl/HLYoEa366BCGRSrgNJEexuvOgbq9jnJ22IY5g=="
    },
    "@fortawesome/fontawesome-svg-core": {
      "version": "1.2.22",
      "resolved": "https://registry.npmjs.org/@fortawesome/fontawesome-svg-core/-/fontawesome-svg-core-1.2.22.tgz",
      "integrity": "sha512-Q941E4x8UfnMH3308n0qrgoja+GoqyiV846JTLoCcCWAKokLKrixCkq6RDBs8r+TtAWaLUrBpI+JFxQNX/WNPQ==",
      "requires": {
        "@fortawesome/fontawesome-common-types": "^0.2.22"
      }
    },
    "@fortawesome/free-brands-svg-icons": {
      "version": "5.10.2",
      "resolved": "https://registry.npmjs.org/@fortawesome/free-brands-svg-icons/-/free-brands-svg-icons-5.10.2.tgz",
      "integrity": "sha512-r5Dxr2h8f9bEI7F/gj/2v1OX9S6DMif9ZKR2VFQCSXHwahojLlOWnFILYsrjhzOISESkh6WDL9IOdkdbKM7KPw==",
      "requires": {
        "@fortawesome/fontawesome-common-types": "^0.2.22"
      }
    },
    "@fortawesome/free-solid-svg-icons": {
      "version": "5.10.2",
      "resolved": "https://registry.npmjs.org/@fortawesome/free-solid-svg-icons/-/free-solid-svg-icons-5.10.2.tgz",
      "integrity": "sha512-9Os/GRUcy+iVaznlg8GKcPSQFpIQpAg14jF0DWsMdnpJfIftlvfaQCWniR/ex9FoOpSEOrlXqmUCFL+JGeciuA==",
      "requires": {
        "@fortawesome/fontawesome-common-types": "^0.2.22"
      }
    },
    "tslib": {
      "version": "1.10.0",
      "resolved": "https://registry.npmjs.org/tslib/-/tslib-1.10.0.tgz",
      "integrity": "sha512-qOebF53frne81cf0S9B41ByenJ3/IuH8yJKngAX35CmiZySA0khhkovshKK+jGCaMnVomla7gVlIcc3EvKPbTQ=="
    }
  }
}
